[[package]]
name = "bump2version"
version = "0.5.11"
description = "Version-bump your software with a single command!"
category = "dev"
optional = false
python-versions = ">=2.7, !=3.0.*, !=3.1.*, !=3.2.*, !=3.3.*, !=3.4.*"

[[package]]
name = "invoke"
version = "1.3.0"
description = "Pythonic task execution"
category = "dev"
optional = false
python-versions = "*"

[[package]]
name = "lit"
version = "0.9.0"
description = "A Software Testing Tool"
category = "dev"
optional = false
python-versions = "*"

[metadata]
lock-version = "1.1"
python-versions = "^3.6"
content-hash = "8f55f024f83b8e499d9e819ac4b7da371c5bf987b20a1fde05bb6ce04074ad26"

[metadata.files]
bump2version = [
    {file = "bump2version-0.5.11-py2.py3-none-any.whl", hash = "sha256:bfcc051498dda9fd9ac8634689f4516e1c20fdeeace3278932cc6e1248418b36"},
    {file = "bump2version-0.5.11.tar.gz", hash = "sha256:524bde030318fe2543038defe0f77739605636fef96924883813cb290cf79c1e"},
]
invoke = [
    {file = "invoke-1.3.0-py2-none-any.whl", hash = "sha256:fc803a5c9052f15e63310aa81a43498d7c55542beb18564db88a9d75a176fa44"},
    {file = "invoke-1.3.0-py3-none-any.whl", hash = "sha256:f4ec8a134c0122ea042c8912529f87652445d9f4de590b353d23f95bfa1f0efd"},
    {file = "invoke-1.3.0.tar.gz", hash = "sha256:c52274d2e8a6d64ef0d61093e1983268ea1fc0cd13facb9448c4ef0c9a7ac7da"},
]
lit = [
    {file = "lit-0.9.0.tar.gz", hash = "sha256:c035aa0a233633f7046745164a153a57d8bbcaf9b833232438cf4d2923d8786e"},
]
